
Microsoft Visual Studio Solution File, Format Version 12.00
# Visual Studio Version 17
VisualStudioVersion = 17.2.32526.322
MinimumVisualStudioVersion = 10.0.40219.1
Project("{FAE04EC0-301F-11D3-BF4B-00C04F79EFBC}") = "AulaYouTube", "AulaYouTube.csproj", "{0C316E0F-B63E-45DA-86A3-6A95AAB293E1}"
EndProject
Project("{FAE04EC0-301F-11D3-BF4B-00C04F79EFBC}") = "Models", "..\Models\Models.csproj", "{2BB4335F-E0F1-4269-837B-FEAF63E050EB}"
EndProject
Global
	GlobalSection(SolutionConfigurationPlatforms) = preSolution
		Debug|Any CPU = Debug|Any CPU
		Release|Any CPU = Release|Any CPU
	EndGlobalSection
	GlobalSection(ProjectConfigurationPlatforms) = postSolution
		{0C316E0F-B63E-45DA-86A3-6A95AAB293E1}.Debug|Any CPU.ActiveCfg = Debug|Any CPU
		{0C316E0F-B63E-45DA-86A3-6A95AAB293E1}.Debug|Any CPU.Build.0 = Debug|Any CPU
		{0C316E0F-B63E-45DA-86A3-6A95AAB293E1}.Release|Any CPU.ActiveCfg = Release|Any CPU
		{0C316E0F-B63E-45DA-86A3-6A95AAB293E1}.Release|Any CPU.Build.0 = Release|Any CPU
		{2BB4335F-E0F1-4269-837B-FEAF63E050EB}.Debug|Any CPU.ActiveCfg = Debug|Any CPU
		{2BB4335F-E0F1-4269-837B-FEAF63E050EB}.Debug|Any CPU.Build.0 = Debug|Any CPU
		{2BB4335F-E0F1-4269-837B-FEAF63E050EB}.Release|Any CPU.ActiveCfg = Release|Any CPU
		{2BB4335F-E0F1-4269-837B-FEAF63E050EB}.Release|Any CPU.Build.0 = Release|Any CPU
	EndGlobalSection
	GlobalSection(SolutionProperties) = preSolution
		HideSolutionNode = FALSE
	EndGlobalSection
	GlobalSection(ExtensibilityGlobals) = postSolution
		SolutionGuid = {DA9B549C-C9E1-48D5-A699-42377A0A1666}
	EndGlobalSection
EndGlobal
